name: Flock
description: A team collaboration platform combining chat, video conferencing,
  file sharing, and app integrations for streamlined remote workflows.
source_url: https://www.flock.com/
category: Team Communication
tags:
  - chat
  - video-conferencing
  - integrations
markdown: |-
  ## Features

  - Team communication through channels and direct messaging
  - Video conferencing capabilities
  - File sharing and collaborative document editing
  - Integration with various third-party apps and services
brand: Flock
brand_logo_url: https://flock.com/static/flock-logo.png
updated_at: 2026-02-13 15:09
